
Microsoft Visual Studio Solution File, Format Version 12.00
# Visual Studio 15
VisualStudioVersion = 15.0.27703.2026
MinimumVisualStudioVersion = 10.0.40219.1
Project("{9A19103F-16F7-4668-BE54-9A1E7A4F7556}") = "UCFParkingBot.Library", "UCFParkingBot.Library\UCFParkingBot.Library.csproj", "{B41999B6-4233-48E9-9F67-5D4DE3DE046B}"
EndProject
Project("{9A19103F-16F7-4668-BE54-9A1E7A4F7556}") = "UCFParkingBot.Twitter", "UCFParkingBot.Twitter\UCFParkingBot.Twitter.csproj", "{F6D98DD5-1477-48B9-A788-96E2F5F2D38F}"
EndProject
Project("{FAE04EC0-301F-11D3-BF4B-00C04F79EFBC}") = "UCFParkingBot.Sandbox", "UCFParkingBot.Sandbox\UCFParkingBot.Sandbox.csproj", "{2F91A5E3-8921-4BD8-B63B-9F8DD62BB70D}"
EndProject
Global
	GlobalSection(SolutionConfigurationPlatforms) = preSolution
		Debug|Any CPU = Debug|Any CPU
		Release|Any CPU = Release|Any CPU
	EndGlobalSection
	GlobalSection(ProjectConfigurationPlatforms) = postSolution
		{B41999B6-4233-48E9-9F67-5D4DE3DE046B}.Debug|Any CPU.ActiveCfg = Debug|Any CPU
		{B41999B6-4233-48E9-9F67-5D4DE3DE046B}.Debug|Any CPU.Build.0 = Debug|Any CPU
		{B41999B6-4233-48E9-9F67-5D4DE3DE046B}.Release|Any CPU.ActiveCfg = Release|Any CPU
		{B41999B6-4233-48E9-9F67-5D4DE3DE046B}.Release|Any CPU.Build.0 = Release|Any CPU
		{F6D98DD5-1477-48B9-A788-96E2F5F2D38F}.Debug|Any CPU.ActiveCfg = Debug|Any CPU
		{F6D98DD5-1477-48B9-A788-96E2F5F2D38F}.Debug|Any CPU.Build.0 = Debug|Any CPU
		{F6D98DD5-1477-48B9-A788-96E2F5F2D38F}.Release|Any CPU.ActiveCfg = Release|Any CPU
		{F6D98DD5-1477-48B9-A788-96E2F5F2D38F}.Release|Any CPU.Build.0 = Release|Any CPU
		{9F6E388B-D6FD-40C9-94A5-94C9A0CC0671}.Debug|Any CPU.ActiveCfg = Debug|Any CPU
		{9F6E388B-D6FD-40C9-94A5-94C9A0CC0671}.Debug|Any CPU.Build.0 = Debug|Any CPU
		{9F6E388B-D6FD-40C9-94A5-94C9A0CC0671}.Release|Any CPU.ActiveCfg = Release|Any CPU
		{9F6E388B-D6FD-40C9-94A5-94C9A0CC0671}.Release|Any CPU.Build.0 = Release|Any CPU
		{2F91A5E3-8921-4BD8-B63B-9F8DD62BB70D}.Debug|Any CPU.ActiveCfg = Debug|Any CPU
		{2F91A5E3-8921-4BD8-B63B-9F8DD62BB70D}.Debug|Any CPU.Build.0 = Debug|Any CPU
		{2F91A5E3-8921-4BD8-B63B-9F8DD62BB70D}.Release|Any CPU.ActiveCfg = Release|Any CPU
		{2F91A5E3-8921-4BD8-B63B-9F8DD62BB70D}.Release|Any CPU.Build.0 = Release|Any CPU
	EndGlobalSection
	GlobalSection(SolutionProperties) = preSolution
		HideSolutionNode = FALSE
	EndGlobalSection
	GlobalSection(ExtensibilityGlobals) = postSolution
		SolutionGuid = {547787A1-7DAD-42BE-A691-E6D660F6D527}
	EndGlobalSection
EndGlobal
