
Microsoft Visual Studio Solution File, Format Version 12.00
# Visual Studio 15
VisualStudioVersion = 15.0.27703.2026
MinimumVisualStudioVersion = 10.0.40219.1
Project("{9A19103F-16F7-4668-BE54-9A1E7A4F7556}") = "UCFParkingBot", "UCFParkingBot\UCFParkingBot.csproj", "{2DA5E27A-2D89-4BB5-9287-84160F62F932}"
EndProject
Project("{9A19103F-16F7-4668-BE54-9A1E7A4F7556}") = "UCFParkingBot.AzureFunction", "UCFParkingBot.AzureFunction\UCFParkingBot.AzureFunction.csproj", "{C5D46FE4-01CF-4A3D-92DF-85D13ED02FE1}"
EndProject
Global
	GlobalSection(SolutionConfigurationPlatforms) = preSolution
		Debug|Any CPU = Debug|Any CPU
		Release|Any CPU = Release|Any CPU
	EndGlobalSection
	GlobalSection(ProjectConfigurationPlatforms) = postSolution
		{2DA5E27A-2D89-4BB5-9287-84160F62F932}.Debug|Any CPU.ActiveCfg = Debug|Any CPU
		{2DA5E27A-2D89-4BB5-9287-84160F62F932}.Debug|Any CPU.Build.0 = Debug|Any CPU
		{2DA5E27A-2D89-4BB5-9287-84160F62F932}.Release|Any CPU.ActiveCfg = Release|Any CPU
		{2DA5E27A-2D89-4BB5-9287-84160F62F932}.Release|Any CPU.Build.0 = Release|Any CPU
		{C5D46FE4-01CF-4A3D-92DF-85D13ED02FE1}.Debug|Any CPU.ActiveCfg = Debug|Any CPU
		{C5D46FE4-01CF-4A3D-92DF-85D13ED02FE1}.Debug|Any CPU.Build.0 = Debug|Any CPU
		{C5D46FE4-01CF-4A3D-92DF-85D13ED02FE1}.Release|Any CPU.ActiveCfg = Release|Any CPU
		{C5D46FE4-01CF-4A3D-92DF-85D13ED02FE1}.Release|Any CPU.Build.0 = Release|Any CPU
	EndGlobalSection
	GlobalSection(SolutionProperties) = preSolution
		HideSolutionNode = FALSE
	EndGlobalSection
	GlobalSection(ExtensibilityGlobals) = postSolution
		SolutionGuid = {547787A1-7DAD-42BE-A691-E6D660F6D527}
	EndGlobalSection
EndGlobal
